
Microsoft Visual Studio Solution File, Format Version 12.00
# Visual Studio 15
VisualStudioVersion = 15.0.28307.136
MinimumVisualStudioVersion = 10.0.40219.1
Project("{FAE04EC0-301F-11D3-BF4B-00C04F79EFBC}") = "MongoDbLearning", "MongoDbLearning\MongoDbLearning.csproj", "{4B69D63E-9CAD-4B39-8D20-DA20E3E1E621}"
EndProject
Project("{FAE04EC0-301F-11D3-BF4B-00C04F79EFBC}") = "MongoConsoleClient", "MongoConsoleClient\MongoConsoleClient.csproj", "{0EF752BE-08A8-4C0B-B120-8EE62F5D6F10}"
EndProject
Global
	GlobalSection(SolutionConfigurationPlatforms) = preSolution
		Debug|Any CPU = Debug|Any CPU
		Release|Any CPU = Release|Any CPU
	EndGlobalSection
	GlobalSection(ProjectConfigurationPlatforms) = postSolution
		{4B69D63E-9CAD-4B39-8D20-DA20E3E1E621}.Debug|Any CPU.ActiveCfg = Debug|Any CPU
		{4B69D63E-9CAD-4B39-8D20-DA20E3E1E621}.Debug|Any CPU.Build.0 = Debug|Any CPU
		{4B69D63E-9CAD-4B39-8D20-DA20E3E1E621}.Release|Any CPU.ActiveCfg = Release|Any CPU
		{4B69D63E-9CAD-4B39-8D20-DA20E3E1E621}.Release|Any CPU.Build.0 = Release|Any CPU
		{0EF752BE-08A8-4C0B-B120-8EE62F5D6F10}.Debug|Any CPU.ActiveCfg = Debug|Any CPU
		{0EF752BE-08A8-4C0B-B120-8EE62F5D6F10}.Debug|Any CPU.Build.0 = Debug|Any CPU
		{0EF752BE-08A8-4C0B-B120-8EE62F5D6F10}.Release|Any CPU.ActiveCfg = Release|Any CPU
		{0EF752BE-08A8-4C0B-B120-8EE62F5D6F10}.Release|Any CPU.Build.0 = Release|Any CPU
	EndGlobalSection
	GlobalSection(SolutionProperties) = preSolution
		HideSolutionNode = FALSE
	EndGlobalSection
	GlobalSection(ExtensibilityGlobals) = postSolution
		SolutionGuid = {3B6F9CD2-C9E5-46CC-9DC2-748FFABEED14}
	EndGlobalSection
EndGlobal
